# This file is automatically @generated by Cargo.
# It is not intended for manual editing.
version = 4

[[package]]
name = "frogma-harness"
version = "0.1.0"
dependencies = [
 "frogma-peer",
 "frogma-wire",
]

[[package]]
name = "frogma-peer"
version = "0.1.0"
dependencies = [
 "frogma-wire",
]

[[package]]
name = "frogma-plugin"
version = "0.1.0"
dependencies = [
 "frogma-peer",
 "frogma-wire",
]

[[package]]
name = "frogma-wire"
version = "0.1.0"
