# AUTOGENERATED by knowledge/scripts/seed.py — do not edit.
# If two peers' cids.lock differ, the content at the differing CID differs.
{"content_cid": "90e3d753044ca47ede0bb2e4b79bbb2e537df941bc382e7117a56cb6a1310fc1", "domain_kind": "schema", "id": "schemas/decision.v1.json", "node_cid": "04f4054914322b1c6214f1dd5b62535204c72edc5b6aae318f87d4f5086e3544", "node_kind": "cdom", "parents": []}
{"content_cid": "401ae1768ed741ba13af2ec0cfcbf44ba1c2f690612480c97a64f4feec40e7f0", "domain_kind": "schema", "id": "schemas/component.v1.json", "node_cid": "b63e10c367c634d84a20d4ff6f4dd0dc093800f000b766e32e258dbb4f1b4ec6", "node_kind": "cdom", "parents": []}
{"content_cid": "9a5711d7c8b95bd74537dbed45511d2d64ac74d1019f4387e73f0709ad59e5d4", "domain_kind": "schema", "id": "schemas/invariant.v1.json", "node_cid": "88666fce9d4c9751f99975f064d9979e4725cc9cd3e1a7fa49b7fc7700962fe7", "node_kind": "cdom", "parents": []}
{"content_cid": "cee4276f0f387125066bce6e6d4d7b2bbc0fcc5efa2ff53ea909dfd21e87f940", "domain_kind": "schema", "id": "schemas/event.v1.json", "node_cid": "cf6369ab0a4252d44c1a983965fdaf7567d30de8a5464af5c5e0135eaf96e206", "node_kind": "cdom", "parents": []}
{"content_cid": "863d3b2a7d78c164e4c2c8a95e0670ea445ecc5fb9ec3bea8d0bb26a49bbda40", "domain_kind": "decision", "id": "ADR-0001", "node_cid": "5165497856961a189cce5390e87c8592c530bb01e34836b1448a8d2c4a04c5a0", "node_kind": "reasoning", "parents": []}
{"content_cid": "64f344e1be86e47841d4171052be4bcb5ccc14c559fdfabfdd5bcbbb0ce5050f", "domain_kind": "decision", "id": "ADR-0002", "node_cid": "a724b0c9d744130b56de8fe92494b6df71f49f37d8b3e6da8a4c072e7f0d76eb", "node_kind": "reasoning", "parents": ["ADR-0001"]}
{"content_cid": "424de00f11011de7f625caeb5b0b70b63813220f07d5efba8d3f3f895b36dd00", "domain_kind": "decision", "id": "ADR-0003", "node_cid": "28e15dd4505feaf91d0263c74579418961ec0bad666f3a05a2225e5a0c692629", "node_kind": "reasoning", "parents": ["ADR-0001", "ADR-0002"]}
{"content_cid": "6f22f9d20e4006bbc9d9de01d34f797b01df6ac8a213df88ceea7bbe3552975e", "domain_kind": "decision", "id": "ADR-0004", "node_cid": "2ee01582def8a1e8d016ccb93c4ff391b3880ea3354d93cccb7cb2eca1b7af5b", "node_kind": "reasoning", "parents": ["ADR-0001", "ADR-0003"]}
{"content_cid": "21d9dd4c3aab5701299a43c6d38388f9d860f6f30caa414716f4d398decc4d13", "domain_kind": "decision", "id": "ADR-0005", "node_cid": "69890729ef3ac3bba8ab274e1c93ad1267bdf5e976d5d69f9fe451a0c594815a", "node_kind": "reasoning", "parents": ["ADR-0001", "ADR-0004"]}
{"content_cid": "52eb45fba5914fb98b678f40b8c1218d4bc340b51fb859acf3a5215df5d09095", "domain_kind": "invariant", "id": "inv.no-rights-reserved", "node_cid": "289b4b564f7c3b7fb29bda608130db64cd662becf4d7637a65d41763e86c70dd", "node_kind": "reasoning", "parents": ["ADR-0001"]}
{"content_cid": "f9758d50eccf65dd1674ed143f73de32599853d623f118a9928b32dbdd551856", "domain_kind": "invariant", "id": "inv.offline-first", "node_cid": "ee4637211e9ebacdfc4f75229cd5b63625c6c1fd0286e8ec97cff19582093b0d", "node_kind": "reasoning", "parents": ["ADR-0001"]}
{"content_cid": "79005c9c855010e4cb33c7fe11e4ccb706c25e4de88211844bc286ca5bfa49ef", "domain_kind": "invariant", "id": "inv.player-owns-events", "node_cid": "417bb82e6b025f6e5a06037253f4cef7818b9524994b83f163b8b85d7f8f3267", "node_kind": "reasoning", "parents": ["ADR-0001"]}
{"content_cid": "b93304b6bf8a916a3418be0160fa5400185f9f5eca77301eb463289a1a112d59", "domain_kind": "invariant", "id": "inv.cid-equals-proof", "node_cid": "d562bd765dab57b29d1e3e0daeadbdd41208bc4a2e6306c41460fbdac97901c4", "node_kind": "reasoning", "parents": ["ADR-0002"]}
{"content_cid": "685e8832aaee2075a83003f50957a23758e68cf76542901113e9fffb7a1cf376", "domain_kind": "invariant", "id": "inv.append-only-inbox", "node_cid": "f33c40ecf44ef0f4863d597cf36f5a3f440e617f8a0a88efea3c1421e7517e80", "node_kind": "reasoning", "parents": ["ADR-0002"]}
{"content_cid": "a6feabf3c93d944a5c189027299de770be6572273f00072537c11865001ef165", "domain_kind": "invariant", "id": "inv.causal-before-total", "node_cid": "0e508b17ace243f9526592bc176a8ba26b2003d84af3b5fe761e0e136185dc8e", "node_kind": "reasoning", "parents": ["ADR-0003"]}
{"content_cid": "c3b3e04e10611414354adee47e5bf87336a0d8114d4ca3c57d94da7b1117a254", "domain_kind": "invariant", "id": "inv.no-global-clock", "node_cid": "b00406dabe5829bd87eb76acde946a91758a2ba9978ae3b7c9312d8c410b0e10", "node_kind": "reasoning", "parents": ["ADR-0003"]}
{"content_cid": "aea4807abb613148acd95fe845c4181d69b6bb296b7bab0c0fa2524a9c411ffa", "domain_kind": "invariant", "id": "inv.projections-are-pure", "node_cid": "70d7f64f441e4bda43300a15c9d2d82db1b498eb7e89088f233d4a2c4fb005a1", "node_kind": "reasoning", "parents": ["ADR-0004"]}
{"content_cid": "b37565ecaed0d2734de339899a4e377561a475a1af564381bdf92096a06270ab", "domain_kind": "invariant", "id": "inv.state-is-derived", "node_cid": "a469ab93d35bd0aa28209caf9b0839a3b3dcd2c7c4cd6a5663c87a6e42f6a51d", "node_kind": "reasoning", "parents": ["ADR-0004"]}
{"content_cid": "6bcce85e0febf2c9c2bd9a1cbed3ec8f4294a3e2043a2241a0fc9634d1a231b0", "domain_kind": "invariant", "id": "inv.soft-global-constraints", "node_cid": "18c705e479f624d2e32132b1e58e51b4402d4443fb52d8b402492b7f6871e384", "node_kind": "reasoning", "parents": ["ADR-0005"]}
{"content_cid": "38ef1c7f02a00af488e2e8804efe390e64b2d3ba33279b98308b2097325b7f67", "domain_kind": "invariant", "id": "inv.divergence-is-measured", "node_cid": "1697de81e416327405d5bbcc2a261504ddc53c3fd047d1377a24db8ede2ab7e0", "node_kind": "reasoning", "parents": ["ADR-0005"]}
{"content_cid": "171b757a86641b9df154cc944fb9dd0340479b0414b49d226b5f2d1e761a6bc0", "domain_kind": "invariant", "id": "inv.no-rollback", "node_cid": "62b747b3294d1dbb4256e0ee9219e12dcc18bcc9bd5d1745dcbc608d235f2e12", "node_kind": "reasoning", "parents": ["ADR-0005"]}
