# AUTOGENERATED by knowledge/scripts/seed.py — do not edit by hand.
# content_cid is deterministic: diff between peers reveals divergent content.
# parents are symbolic ids (resolved via this file). Sorted by id.
{"content_cid": "e1cd1e119189a6a8afc88ada1ae31243ea03aff887044f4411cd64e49e4cf91b", "domain_kind": "decision", "id": "ADR-0001", "node_kind": "reasoning", "parents": []}
{"content_cid": "a7a82204a82b1f0d85305f3afbecd6235aeaea088868f7a8c25c8b739e1328f7", "domain_kind": "decision", "id": "ADR-0002", "node_kind": "reasoning", "parents": ["ADR-0001"]}
{"content_cid": "958cf18ff181472255d46aa69c7b32f802b7e33fb314e281b04b831a1d342d92", "domain_kind": "decision", "id": "ADR-0003", "node_kind": "reasoning", "parents": ["ADR-0001"]}
{"content_cid": "d77e811daf7987ff5aca729efcc9e9439a68a5877c7208cd2dfd7a473d6a9b5c", "domain_kind": "context", "id": "CTX-0001", "node_kind": "context", "parents": ["ADR-0001"]}
{"content_cid": "e4f7a4370df401a0c108276150fe502e5bc5c30f6abc152c0913e6f0d29890c1", "domain_kind": "question", "id": "Q-0001", "node_kind": "task", "parents": ["ADR-0002", "client.re-engine-single-threaded-scripting"]}
{"content_cid": "add12822a8885e83802235be7b924589d0c303e5858b192768f0c7443380ea47", "domain_kind": "question", "id": "Q-0002", "node_kind": "task", "parents": ["ADR-0003"]}
{"content_cid": "9b632bd57b6f437f0488afb2cd4bfe0fe7538baee157be67e6f7422b8766d6f5", "domain_kind": "question", "id": "Q-0003", "node_kind": "task", "parents": ["ADR-0003", "client.re-engine-single-threaded-scripting"]}
{"content_cid": "4e16d57586919a9bfb06abad9f9e73087bb689daa64437c45091dd07a44a1857", "domain_kind": "constraint", "id": "client.dont-re-capcom-netcode", "node_kind": "context", "parents": ["CTX-0001", "ADR-0001"]}
{"content_cid": "8eaf8ec18e73d8fb0baa708b91f75e6efc84c9129fbe67f911e6136dd9208f7a", "domain_kind": "constraint", "id": "client.no-asset-redistribution", "node_kind": "context", "parents": ["CTX-0001", "ADR-0001"]}
{"content_cid": "16efd0b1737f0aa0f8f3ce481346c7e9498ec997fb34c0b31d1c9d08fcb6de27", "domain_kind": "constraint", "id": "client.no-game-state-writes", "node_kind": "context", "parents": ["CTX-0001", "ADR-0001", "ADR-0003"]}
{"content_cid": "6365322134e543283e6e62dea84a70a2c8f28d18596fd534a56b96d231cf85e6", "domain_kind": "constraint", "id": "client.patch-breaks-offsets", "node_kind": "context", "parents": ["CTX-0001", "ADR-0003"]}
{"content_cid": "edd0ed52e00bd8c735b605413de8ca1b3f9387d50f0d6763af512d9563cbed8a", "domain_kind": "constraint", "id": "client.re-engine-single-threaded-scripting", "node_kind": "context", "parents": ["CTX-0001", "ADR-0002"]}
{"content_cid": "91a081b7dd81f7311975d7b7fd042876a4e4724b9c2bcaaa8b93b9f89625a213", "domain_kind": "constraint", "id": "client.reframework-dependency", "node_kind": "context", "parents": ["CTX-0001", "ADR-0002", "ADR-0003"]}
{"content_cid": "3a01e73dd12015173e9441d6e7a36d7661a51bfef86bfb8f703fae46bd7df297", "domain_kind": "constraint", "id": "client.save-file-is-sacred", "node_kind": "context", "parents": ["CTX-0001", "ADR-0001"]}
{"content_cid": "b04a512e0e60310670d9d334f2c300aa3d79b81d49c122490bba3fc9aba562b3", "domain_kind": "finding", "id": "f.dd2-patch-cadence-slowing", "node_kind": "reasoning", "parents": ["client.patch-breaks-offsets"]}
{"content_cid": "89a310d630fadcb52381ae3f8e1f638a440e5906dd813be8db07d1add06ce765", "domain_kind": "finding", "id": "f.reframework-maintained", "node_kind": "reasoning", "parents": ["Q-0001", "client.reframework-dependency"]}
{"content_cid": "fa8e77c7f1fa70c3d7e9637526c0250d3af8a09b052df70e85b3df6424562465", "domain_kind": "invariant", "id": "inv.no-game-state-writes", "node_kind": "reasoning", "parents": ["ADR-0001", "ADR-0003"]}
{"content_cid": "9f0c50494827df1639103f560e8bf8e3a1e67ae906fb5353d03c9b0eed8a6ed2", "domain_kind": "invariant", "id": "inv.pet-project-floor", "node_kind": "reasoning", "parents": ["ADR-0001"]}
{"content_cid": "5514baee5268e958d39a0a45b10cf608aaf36a2c9cac6e8bd62836ea28cd4b28", "domain_kind": "invariant", "id": "inv.reframework-only", "node_kind": "reasoning", "parents": ["ADR-0001"]}
{"content_cid": "3e1d7591656ffb0d0961c0ca964e70d3b6aa8230892dcb66b67be4c039a1ac93", "domain_kind": "invariant", "id": "inv.saves-are-sacred", "node_kind": "reasoning", "parents": ["ADR-0001"]}
{"content_cid": "44f2b53c9a5c908bc697d89bb2864ba4ef5570f3638aa61ef3c82dfdc20c73a8", "domain_kind": "constraint", "id": "ops.friends-on-overlay", "node_kind": "context", "parents": ["CTX-0001", "ADR-0002"]}
{"content_cid": "b964c773b3412a161692c1f5f97e733cf541a5449a471549e4011ade140e4d7c", "domain_kind": "constraint", "id": "ops.no-persistence", "node_kind": "context", "parents": ["CTX-0001", "ADR-0002"]}
{"content_cid": "b6fe41c2609d077d0b550a589505c5dd0c566d5ce43ec8aabdb80aafd93f362d", "domain_kind": "constraint", "id": "ops.solo-maintainer", "node_kind": "context", "parents": ["CTX-0001", "ADR-0001"]}
{"content_cid": "90e3d753044ca47ede0bb2e4b79bbb2e537df941bc382e7117a56cb6a1310fc1", "domain_kind": "schema", "id": "schemas/decision.v1.json", "node_kind": "cdom", "parents": []}
{"content_cid": "188c63e4e849902265efdb776c418573aa9d6d6f568a43a759f9627e46cc6e7a", "domain_kind": "schema", "id": "schemas/finding.v1.json", "node_kind": "cdom", "parents": []}
{"content_cid": "9a5711d7c8b95bd74537dbed45511d2d64ac74d1019f4387e73f0709ad59e5d4", "domain_kind": "schema", "id": "schemas/invariant.v1.json", "node_kind": "cdom", "parents": []}
{"content_cid": "5496cc95431c14ce58852c4fbc3e77e6f0917d87dedd8b4b8a7301213141d876", "domain_kind": "schema", "id": "schemas/question.v1.json", "node_kind": "cdom", "parents": []}
