# AUTOGENERATED by knowledge/scripts/seed.py — do not edit by hand.
# content_cid is deterministic: diff between peers reveals divergent content.
# parents are symbolic ids (resolved via this file). Sorted by id.
{"content_cid": "863d3b2a7d78c164e4c2c8a95e0670ea445ecc5fb9ec3bea8d0bb26a49bbda40", "domain_kind": "decision", "id": "ADR-0001", "node_kind": "reasoning", "parents": []}
{"content_cid": "64f344e1be86e47841d4171052be4bcb5ccc14c559fdfabfdd5bcbbb0ce5050f", "domain_kind": "decision", "id": "ADR-0002", "node_kind": "reasoning", "parents": ["ADR-0001"]}
{"content_cid": "424de00f11011de7f625caeb5b0b70b63813220f07d5efba8d3f3f895b36dd00", "domain_kind": "decision", "id": "ADR-0003", "node_kind": "reasoning", "parents": ["ADR-0001", "ADR-0002"]}
{"content_cid": "6f22f9d20e4006bbc9d9de01d34f797b01df6ac8a213df88ceea7bbe3552975e", "domain_kind": "decision", "id": "ADR-0004", "node_kind": "reasoning", "parents": ["ADR-0001", "ADR-0003"]}
{"content_cid": "21d9dd4c3aab5701299a43c6d38388f9d860f6f30caa414716f4d398decc4d13", "domain_kind": "decision", "id": "ADR-0005", "node_kind": "reasoning", "parents": ["ADR-0001", "ADR-0004"]}
{"content_cid": "5d0b416aeeb396f4a2e9875ab81d6ad41bf734a1638c0881899aa9f056a90515", "domain_kind": "context", "id": "CTX-0001", "node_kind": "context", "parents": ["ADR-0001"]}
{"content_cid": "816c14e32ee4705b1c3fb0266bfcbb5ae12713223431947333279a4f91c7ae8d", "domain_kind": "question", "id": "Q-0001", "node_kind": "task", "parents": ["ADR-0001"]}
{"content_cid": "d31af0ebd04a3002f2faa2020de5989ac0330bf6bdc1fa4703f15f8046a8be15", "domain_kind": "question", "id": "Q-0002", "node_kind": "task", "parents": ["ADR-0001", "CTX-0001"]}
{"content_cid": "db4604fd1d1acab21a26c3a898742cde3262535abc9c08f89977d10c4bb53177", "domain_kind": "question", "id": "Q-0003", "node_kind": "task", "parents": ["Q-0003-sweep", "pat.version-brittleness-kills"]}
{"content_cid": "545b132215bfdf4f28913b0b221cf7c727f2604073214f3dbf6aa00ce7a3c090", "domain_kind": "question", "id": "Q-0003-sweep", "node_kind": "task", "parents": ["Q-0001", "Q-0002"]}
{"content_cid": "83c4ac69b7a95169b87d328f3430184aa030077c49004460d85c3004cb908775", "domain_kind": "question", "id": "Q-0004", "node_kind": "task", "parents": ["Q-0003-sweep", "pat.publisher-tolerance-is-load-bearing"]}
{"content_cid": "cc4f2f11922e04dbbcb1fe9370ec50aca1b104bc30d0c2cf8d96e99024d63549", "domain_kind": "question", "id": "Q-0005", "node_kind": "task", "parents": ["Q-0003-sweep", "net.relay-cheap-but-not-free"]}
{"content_cid": "da638fa830297a4727a251c13cfd0f2efed90c1aab224c39cb0f1093af66dd48", "domain_kind": "question", "id": "Q-0006", "node_kind": "task", "parents": ["Q-0003-sweep", "pat.p2p-via-platform-sockets"]}
{"content_cid": "0c78c5bcb4fd5a3389858b0cf08e900c89dfe7796ebf04b312c0235b01a2379e", "domain_kind": "question", "id": "Q-0007", "node_kind": "task", "parents": ["Q-0003-sweep", "f.pawn-network-precedent"]}
{"content_cid": "9cd8b5ad85c591dd59453494ef6eb2181a9263c9951cb1b402331387ef148f6e", "domain_kind": "question", "id": "Q-0008", "node_kind": "task", "parents": ["Q-0003-sweep", "f.lua-native-dll-escape-hatch"]}
{"content_cid": "d399bb168864b5737d3ce6d3856b4d04b61de42e1496a337d045df301a864b13", "domain_kind": "question", "id": "Q-0009", "node_kind": "task", "parents": ["Q-0003-sweep", "ADR-0001"]}
{"content_cid": "8c5fdd363e2be5d84f3c0179717a71801a6975e0de8ff9de20f3bfd1a5754f3a", "domain_kind": "question", "id": "Q-0010", "node_kind": "task", "parents": ["Q-0003-sweep", "Q-0004"]}
{"content_cid": "aaabf774f8da87f5ac298ce54462c0d703ac94d4449716659ee500056793298d", "domain_kind": "question", "id": "Q-0011", "node_kind": "task", "parents": ["Q-0003-sweep", "client.re-engine-single-threaded-scripting"]}
{"content_cid": "2dbe0c2fc686afdb155329f41d8099df472bdd49df26a5cd2c5c9bed51d1f823", "domain_kind": "constraint", "id": "client.dont-re-capcom-netcode", "node_kind": "context", "parents": ["CTX-0001", "f.dd2-pawn-protocol-unpublished", "f.capcom-dmca-active-campaign"]}
{"content_cid": "efb16169924f081d0fb708d7906e84b6b3754d283d15b1d3a36f43a7dfc722ee", "domain_kind": "constraint", "id": "client.no-anticheat-today", "node_kind": "context", "parents": ["CTX-0001"]}
{"content_cid": "9b9b4b7a38fd9e818d514396a8d1e0ffd00e4ad90bba10f14205f088ad51682e", "domain_kind": "constraint", "id": "client.no-asset-redistribution", "node_kind": "context", "parents": ["CTX-0001", "ADR-0002"]}
{"content_cid": "f6f5b60fb01118b1760d11a23b7421758ac58e9934d13eb3ab1be5a2581ed1c7", "domain_kind": "constraint", "id": "client.patch-breaks-offsets", "node_kind": "context", "parents": ["CTX-0001"]}
{"content_cid": "85003427578087ddb7bbeb96e326a8b2c94f37b189eda4fc580c9386cd31f73e", "domain_kind": "constraint", "id": "client.re-engine-single-threaded-scripting", "node_kind": "context", "parents": ["CTX-0001", "ADR-0003"]}
{"content_cid": "d4205f2c33cf17385a7e8633b0a0f07a695cc8fb4fe561f0b4caf0a7e9a36ecd", "domain_kind": "constraint", "id": "client.reframework-dependency", "node_kind": "context", "parents": ["CTX-0001"]}
{"content_cid": "5fcdb660db64e2f1c2bedbe09e7b9b584f621007e95ad3c5195116416911c2a5", "domain_kind": "constraint", "id": "client.save-file-is-sacred", "node_kind": "context", "parents": ["CTX-0001", "ADR-0001"]}
{"content_cid": "486bd296d1a9b892af2a04f3910d01234bf7db2c438172deef9b8bee834ff114", "domain_kind": "constraint", "id": "dist.avoid-video-promotion", "node_kind": "context", "parents": ["CTX-0001", "f.capcom-dmca-active-campaign"]}
{"content_cid": "bc14997f7b4ad253b3b7d91b0441208605d9e3289a3c93c5eb172c063cea33b3", "domain_kind": "constraint", "id": "dist.capcom-hostile-dmca-posture", "node_kind": "context", "parents": ["CTX-0001", "Q-0004", "f.capcom-dmca-active-campaign", "f.capcom-dmca-2017-paywall"]}
{"content_cid": "4c5634b0b35c6c41866c1dc73d3e9a9df8c20eef363aa98af226e002d87eb759", "domain_kind": "constraint", "id": "dist.dmca-surface", "node_kind": "context", "parents": ["CTX-0001", "ADR-0002"]}
{"content_cid": "29264f8ddc7307f9a69dc4b0450953d30cdaef3adb6314490a706265160b1c9c", "domain_kind": "constraint", "id": "dist.eu-data-residency", "node_kind": "context", "parents": ["CTX-0001"]}
{"content_cid": "9d736d91759cf65e3a793ffc5a8beed70ccdca83b16b9b4f3425906ac196e04a", "domain_kind": "constraint", "id": "dist.no-rights-reserved", "node_kind": "context", "parents": ["CTX-0001", "ADR-0001"]}
{"content_cid": "ad7d74c9be103f1f40b1ceec6f76b76c442daf3d808f00a38a4cbc37d9e557a3", "domain_kind": "constraint", "id": "dist.steam-workshop-gated", "node_kind": "context", "parents": ["CTX-0001", "ADR-0001"]}
{"content_cid": "5c2b6cf4e63b6d3762e1714bfde2fce905644485fe5073b2afe4ad0b75027a71", "domain_kind": "constraint", "id": "env.cargo-needs-network", "node_kind": "context", "parents": ["CTX-0001"]}
{"content_cid": "0154ce2fe327c5bbdd0592b93035f6ac63076c37951c8346d6c69af1b0f1b2b9", "domain_kind": "constraint", "id": "env.cloud-sandbox-ephemeral", "node_kind": "context", "parents": ["CTX-0001"]}
{"content_cid": "8d343c1c7417fb3e45ef76224547661a47c0008925af4ecf67b7501b76221de3", "domain_kind": "constraint", "id": "env.github-mcp-can-disconnect", "node_kind": "context", "parents": ["CTX-0001"]}
{"content_cid": "47e721f9a4a54afe29c5c3300c94ceafde500bf74fcdc2e6d556545cd84b69b8", "domain_kind": "constraint", "id": "env.ket-store-nondeterministic-node-cid", "node_kind": "context", "parents": ["CTX-0001"]}
{"content_cid": "02925c428841ef8406e65bb7222646265e229b432efa9031ae4c17348446613a", "domain_kind": "constraint", "id": "env.mcp-loads-at-session-start", "node_kind": "context", "parents": ["CTX-0001"]}
{"content_cid": "4f5cd049913a6fe0b21662fdb83e8371c6e2164f8f364f2142a18982985f4725", "domain_kind": "finding", "id": "f.active-community-1k-mods", "node_kind": "reasoning", "parents": ["Q-0002"]}
{"content_cid": "dda1ddc8744984e58c4df3a3f90b1d95af54bd430ecf94184b957f724041e7ab", "domain_kind": "finding", "id": "f.anticheat-soft-risk", "node_kind": "reasoning", "parents": ["Q-0002", "client.no-anticheat-today"]}
{"content_cid": "0fa9e7fc94559fee4698ac88418557e0f9f92f0577acf50e8577bb82ac4fd279", "domain_kind": "finding", "id": "f.capcom-dmca-2017-paywall", "node_kind": "reasoning", "parents": ["Q-0004"]}
{"content_cid": "d738ad6ecc59c9cdc548ae6703f4646295a097062b35080c89c10ac0f22eafe9", "domain_kind": "finding", "id": "f.capcom-dmca-active-campaign", "node_kind": "reasoning", "parents": ["Q-0004"]}
{"content_cid": "1f457309cef9be4bb1eb657ff3277a4ee1b615fffec0f6f3af1903f23bc227f0", "domain_kind": "finding", "id": "f.dd-online-private-servers-exist", "node_kind": "reasoning", "parents": ["Q-0010"]}
{"content_cid": "2e43fde4b5e749af1645e31b0d7168964e7d5030958c16c67011622f82aa6b0d", "domain_kind": "finding", "id": "f.dd1-coop-attempts-stalled", "node_kind": "reasoning", "parents": ["Q-0010", "pat.single-maintainer-seed"]}
{"content_cid": "0100ffa2b83a8762912de424ffc3a616a3c619f24efb921291acaaba72b7c088", "domain_kind": "finding", "id": "f.dd2-denuvo-online-activation", "node_kind": "reasoning", "parents": ["Q-0009", "client.save-file-is-sacred"]}
{"content_cid": "62391ce239c3e95a6abee4ceb826d4d39a6a1aa22b05b81b5e9d7e18fa639fa9", "domain_kind": "finding", "id": "f.dd2-offline-social-contract", "node_kind": "reasoning", "parents": ["Q-0009", "ADR-0001"]}
{"content_cid": "70a250608292a36c721b4fd0ec717531525b47078f19f728db642a3667176374", "domain_kind": "finding", "id": "f.dd2-patch-cadence", "node_kind": "reasoning", "parents": ["Q-0003"]}
{"content_cid": "58c4bf0ca5ef30ae791e7494652ed4d41e14efd43fd8db1b2c623dba4d72909e", "domain_kind": "finding", "id": "f.dd2-pawn-protocol-unpublished", "node_kind": "reasoning", "parents": ["Q-0007"]}
{"content_cid": "6002383c36411907ff2e3aab9fc6a508b341066e1ce682b4c6bad3f91530edce", "domain_kind": "finding", "id": "f.elden-ring-seamless-coop", "node_kind": "reasoning", "parents": ["Q-0001", "pat.p2p-via-platform-sockets"]}
{"content_cid": "edaec86f18493a2fed17fbaf774079409d39699a308db322d39c8d238aef3a0c", "domain_kind": "finding", "id": "f.lua-native-dll-escape-hatch", "node_kind": "reasoning", "parents": ["Q-0002", "client.reframework-dependency"]}
{"content_cid": "81a384dcf1dc47794214da821a4dc2c2051031063b05d3be39be4101e1ae899c", "domain_kind": "finding", "id": "f.no-mp-mod-exists", "node_kind": "reasoning", "parents": ["Q-0002", "ADR-0001"]}
{"content_cid": "04a9dd40006831264008e61f37b16c9a7ef9163f06ea25ac48a041c44a6fd94d", "domain_kind": "finding", "id": "f.pak-fluffy-distribution", "node_kind": "reasoning", "parents": ["Q-0002", "dist.steam-workshop-gated"]}
{"content_cid": "6a60737267c49bd2c9614e93539b348149369b6312ba72ea19e10af7b3492560", "domain_kind": "finding", "id": "f.pawn-network-precedent", "node_kind": "reasoning", "parents": ["Q-0002"]}
{"content_cid": "b85ca762360d3ea1bec7f9df2302b87b4a08637a1f841987318a9414fb68e894", "domain_kind": "finding", "id": "f.re-engine-no-public-netcode-re", "node_kind": "reasoning", "parents": ["Q-0007"]}
{"content_cid": "376a9975e0545629569cb29a7dbb3d1af27dd6c78add3782ae9a715dec13a664", "domain_kind": "finding", "id": "f.reframework-current", "node_kind": "reasoning", "parents": ["Q-0002"]}
{"content_cid": "f095ada7a6b3e44c789bc38fc4039920b1293c0d7be71a47f8ed7048613ec4b6", "domain_kind": "finding", "id": "f.reframework-plugin-abi", "node_kind": "reasoning", "parents": ["Q-0008"]}
{"content_cid": "4fd153a37e732a3a1ca3191ca0665ddad641bcf3b6eb6e288ceba6b24ff8cc42", "domain_kind": "finding", "id": "f.steam-gns-bsd-licensed", "node_kind": "reasoning", "parents": ["Q-0006", "pat.p2p-via-platform-sockets"]}
{"content_cid": "685e8832aaee2075a83003f50957a23758e68cf76542901113e9fffb7a1cf376", "domain_kind": "invariant", "id": "inv.append-only-inbox", "node_kind": "reasoning", "parents": ["ADR-0002"]}
{"content_cid": "a6feabf3c93d944a5c189027299de770be6572273f00072537c11865001ef165", "domain_kind": "invariant", "id": "inv.causal-before-total", "node_kind": "reasoning", "parents": ["ADR-0003"]}
{"content_cid": "b93304b6bf8a916a3418be0160fa5400185f9f5eca77301eb463289a1a112d59", "domain_kind": "invariant", "id": "inv.cid-equals-proof", "node_kind": "reasoning", "parents": ["ADR-0002"]}
{"content_cid": "38ef1c7f02a00af488e2e8804efe390e64b2d3ba33279b98308b2097325b7f67", "domain_kind": "invariant", "id": "inv.divergence-is-measured", "node_kind": "reasoning", "parents": ["ADR-0005"]}
{"content_cid": "c3b3e04e10611414354adee47e5bf87336a0d8114d4ca3c57d94da7b1117a254", "domain_kind": "invariant", "id": "inv.no-global-clock", "node_kind": "reasoning", "parents": ["ADR-0003"]}
{"content_cid": "52eb45fba5914fb98b678f40b8c1218d4bc340b51fb859acf3a5215df5d09095", "domain_kind": "invariant", "id": "inv.no-rights-reserved", "node_kind": "reasoning", "parents": ["ADR-0001"]}
{"content_cid": "171b757a86641b9df154cc944fb9dd0340479b0414b49d226b5f2d1e761a6bc0", "domain_kind": "invariant", "id": "inv.no-rollback", "node_kind": "reasoning", "parents": ["ADR-0005"]}
{"content_cid": "f9758d50eccf65dd1674ed143f73de32599853d623f118a9928b32dbdd551856", "domain_kind": "invariant", "id": "inv.offline-first", "node_kind": "reasoning", "parents": ["ADR-0001"]}
{"content_cid": "79005c9c855010e4cb33c7fe11e4ccb706c25e4de88211844bc286ca5bfa49ef", "domain_kind": "invariant", "id": "inv.player-owns-events", "node_kind": "reasoning", "parents": ["ADR-0001"]}
{"content_cid": "aea4807abb613148acd95fe845c4181d69b6bb296b7bab0c0fa2524a9c411ffa", "domain_kind": "invariant", "id": "inv.projections-are-pure", "node_kind": "reasoning", "parents": ["ADR-0004"]}
{"content_cid": "6bcce85e0febf2c9c2bd9a1cbed3ec8f4294a3e2043a2241a0fc9634d1a231b0", "domain_kind": "invariant", "id": "inv.soft-global-constraints", "node_kind": "reasoning", "parents": ["ADR-0005"]}
{"content_cid": "b37565ecaed0d2734de339899a4e377561a475a1af564381bdf92096a06270ab", "domain_kind": "invariant", "id": "inv.state-is-derived", "node_kind": "reasoning", "parents": ["ADR-0004"]}
{"content_cid": "3769590ef6819b6c78d89b649172e65350d6db17d8d3bf12876ec9b04f13d8ed", "domain_kind": "constraint", "id": "net.mobile-backhaul", "node_kind": "context", "parents": ["CTX-0001"]}
{"content_cid": "291ad5dd7dcf41958c90ff9fce9cbafc7431f89d12238912a12ffa9104f711b3", "domain_kind": "constraint", "id": "net.no-server-authoritative-physics", "node_kind": "context", "parents": ["CTX-0001", "ADR-0005"]}
{"content_cid": "1fea4fb0664503d70c79eda302a7491f850f85c1b031a2eeef3adbe0df011143", "domain_kind": "constraint", "id": "net.offline-days-common", "node_kind": "context", "parents": ["CTX-0001", "ADR-0003"]}
{"content_cid": "90b4b9180370b643718f1e18e83785b55d38f71535a3f4998bed0eedcd98c8ef", "domain_kind": "constraint", "id": "net.p2p-nat-hostile", "node_kind": "context", "parents": ["CTX-0001", "ADR-0003"]}
{"content_cid": "36bae10af44bbbf593e63289dce3563c5345d887722c013e306c73c7b3e61982", "domain_kind": "constraint", "id": "net.relay-cheap-but-not-free", "node_kind": "context", "parents": ["CTX-0001"]}
{"content_cid": "2be3cdf3c8f6ebd69f77372d4ca2364ce98715ab530eabc7b0bea84f390ec8be", "domain_kind": "constraint", "id": "ops.no-paid-infra", "node_kind": "context", "parents": ["CTX-0001"]}
{"content_cid": "9e3a1397d2b2680feca45a3ef4ef97a8b4dc08dead5b64985e7dff31286276e4", "domain_kind": "constraint", "id": "ops.solo-maintainer", "node_kind": "context", "parents": ["CTX-0001", "ADR-0005"]}
{"content_cid": "c5962bb6ce57da7c907043affa51f4c757aa9c22468e99ab9f445141fd9f7b4e", "domain_kind": "constraint", "id": "ops.telemetry-opt-in-only", "node_kind": "context", "parents": ["CTX-0001", "ADR-0001"]}
{"content_cid": "7e47a1df46f5c533b188786ff52959618f165f07d44d0427729f9d68ab6240e7", "domain_kind": "pattern", "id": "pat.desync-is-feature-not-bug", "node_kind": "reasoning", "parents": ["Q-0001", "ADR-0005"]}
{"content_cid": "6860d072321a2805cedbbfc31cb35237775e3a7eb09b6af14fde0b7aedd851b1", "domain_kind": "pattern", "id": "pat.ghost-before-state", "node_kind": "reasoning", "parents": ["Q-0001"]}
{"content_cid": "11e29c99007fc6e03d781e3fbf0ee8b9d59fc624cc87151d7b1d93d14001b8eb", "domain_kind": "pattern", "id": "pat.hook-framework-first", "node_kind": "reasoning", "parents": ["Q-0001"]}
{"content_cid": "9ed13eaa5ed161e8b03b707b2eddf471ce14e61b869741b7960a53f3790748a3", "domain_kind": "pattern", "id": "pat.p2p-via-platform-sockets", "node_kind": "reasoning", "parents": ["Q-0001", "ADR-0003"]}
{"content_cid": "5ab275364f1b4ea9e3deaf1577d4588e23b39ec0e27c28dca105246b33549055", "domain_kind": "pattern", "id": "pat.publisher-tolerance-is-load-bearing", "node_kind": "reasoning", "parents": ["Q-0001"]}
{"content_cid": "bc4ac7390d6cf24ac7f20bb0e44392235d196645747af75459537fc05cf4caf3", "domain_kind": "pattern", "id": "pat.single-maintainer-seed", "node_kind": "reasoning", "parents": ["Q-0001"]}
{"content_cid": "759e9ab23d8ad249b9304ab59be0479a930854f09140d700a6db6a4850134402", "domain_kind": "pattern", "id": "pat.version-brittleness-kills", "node_kind": "reasoning", "parents": ["Q-0001"]}
{"content_cid": "401ae1768ed741ba13af2ec0cfcbf44ba1c2f690612480c97a64f4feec40e7f0", "domain_kind": "schema", "id": "schemas/component.v1.json", "node_kind": "cdom", "parents": []}
{"content_cid": "90e3d753044ca47ede0bb2e4b79bbb2e537df941bc382e7117a56cb6a1310fc1", "domain_kind": "schema", "id": "schemas/decision.v1.json", "node_kind": "cdom", "parents": []}
{"content_cid": "cee4276f0f387125066bce6e6d4d7b2bbc0fcc5efa2ff53ea909dfd21e87f940", "domain_kind": "schema", "id": "schemas/event.v1.json", "node_kind": "cdom", "parents": []}
{"content_cid": "188c63e4e849902265efdb776c418573aa9d6d6f568a43a759f9627e46cc6e7a", "domain_kind": "schema", "id": "schemas/finding.v1.json", "node_kind": "cdom", "parents": []}
{"content_cid": "9a5711d7c8b95bd74537dbed45511d2d64ac74d1019f4387e73f0709ad59e5d4", "domain_kind": "schema", "id": "schemas/invariant.v1.json", "node_kind": "cdom", "parents": []}
{"content_cid": "5496cc95431c14ce58852c4fbc3e77e6f0917d87dedd8b4b8a7301213141d876", "domain_kind": "schema", "id": "schemas/question.v1.json", "node_kind": "cdom", "parents": []}
